
Microsoft Visual Studio Solution File, Format Version 12.00
# Visual Studio 2013
VisualStudioVersion = 12.0.31101.0
MinimumVisualStudioVersion = 10.0.40219.1
Project("{CAA73BB0-EF22-4D79-A57E-DF67B3BA9C80}") = "Bamboo Test", "Bamboo Test\Bamboo Test.scproj", "{6C52AEC3-A4D7-4D06-8520-22310D07667C}"
EndProject
Project("{FAE04EC0-301F-11D3-BF4B-00C04F79EFBC}") = "WebApp", "WebApp\WebApp.csproj", "{859CA1A7-ED7E-4DE8-81F3-5C632B87AD1E}"
EndProject
Global
	GlobalSection(SolutionConfigurationPlatforms) = preSolution
		Debug|Any CPU = Debug|Any CPU
		Release|Any CPU = Release|Any CPU
	EndGlobalSection
	GlobalSection(ProjectConfigurationPlatforms) = postSolution
		{6C52AEC3-A4D7-4D06-8520-22310D07667C}.Debug|Any CPU.ActiveCfg = Debug|Any CPU
		{6C52AEC3-A4D7-4D06-8520-22310D07667C}.Debug|Any CPU.Build.0 = Debug|Any CPU
		{6C52AEC3-A4D7-4D06-8520-22310D07667C}.Debug|Any CPU.Deploy.0 = Debug|Any CPU
		{6C52AEC3-A4D7-4D06-8520-22310D07667C}.Release|Any CPU.ActiveCfg = Release|Any CPU
		{6C52AEC3-A4D7-4D06-8520-22310D07667C}.Release|Any CPU.Build.0 = Release|Any CPU
		{6C52AEC3-A4D7-4D06-8520-22310D07667C}.Release|Any CPU.Deploy.0 = Release|Any CPU
		{859CA1A7-ED7E-4DE8-81F3-5C632B87AD1E}.Debug|Any CPU.ActiveCfg = Debug|Any CPU
		{859CA1A7-ED7E-4DE8-81F3-5C632B87AD1E}.Debug|Any CPU.Build.0 = Debug|Any CPU
		{859CA1A7-ED7E-4DE8-81F3-5C632B87AD1E}.Release|Any CPU.ActiveCfg = Release|Any CPU
		{859CA1A7-ED7E-4DE8-81F3-5C632B87AD1E}.Release|Any CPU.Build.0 = Release|Any CPU
	EndGlobalSection
	GlobalSection(SolutionProperties) = preSolution
		HideSolutionNode = FALSE
	EndGlobalSection
EndGlobal
